// !$*UTF8*$!
{
	archiveVersion = 1;
	classes = {
	};
	objectVersion = 56;
	objects = {

/* Begin PBXBuildFile section */
		48801B282CA2A01E00FBD423 /* Spash_ScreenApp.swift in Sources */ = {isa = PBXBuildFile; fileRef = 48801B272CA2A01E00FBD423 /* Spash_ScreenApp.swift */; };
		48801B2A2CA2A01E00FBD423 /* ContentView.swift in Sources */ = {isa = PBXBuildFile; fileRef = 48801B292CA2A01E00FBD423 /* ContentView.swift */; };
		48801B2C2CA2A02000FBD423 /* Assets.xcassets in Resources */ = {isa = PBXBuildFile; fileRef = 48801B2B2CA2A02000FBD423 /* Assets.xcassets */; };
		48801B2F2CA2A02000FBD423 /* Preview Assets.xcassets in Resources */ = {isa = PBXBuildFile; fileRef = 48801B2E2CA2A02000FBD423 /* Preview Assets.xcassets */; };
		48801B392CA2A02000FBD423 /* Spash_ScreenTests.swift in Sources */ = {isa = PBXBuildFile; fileRef = 48801B382CA2A02000FBD423 /* Spash_ScreenTests.swift */; };
		48801B432CA2A02000FBD423 /* Spash_ScreenUITests.swift in Sources */ = {isa = PBXBuildFile; fileRef = 48801B422CA2A02000FBD423 /* Spash_ScreenUITests.swift */; };
		48801B452CA2A02000FBD423 /* Spash_ScreenUITestsLaunchTests.swift in Sources */ = {isa = PBXBuildFile; fileRef = 48801B442CA2A02000FBD423 /* Spash_ScreenUITestsLaunchTests.swift */; };
/* End PBXBuildFile section */

/* Begin PBXContainerItemProxy section */
		48801B352CA2A02000FBD423 /* PBXContainerItemProxy */ = {
			isa = PBXContainerItemProxy;
			containerPortal = 48801B1C2CA2A01E00FBD423 /* Project object */;
			proxyType = 1;
			remoteGlobalIDString = 48801B232CA2A01E00FBD423;
			remoteInfo = "Spash-Screen";
		};
		48801B3F2CA2A02000FBD423 /* PBXContainerItemProxy */ = {
			isa = PBXContainerItemProxy;
			containerPortal = 48801B1C2CA2A01E00FBD423 /* Project object */;
			proxyType = 1;
			remoteGlobalIDString = 48801B232CA2A01E00FBD423;
			remoteInfo = "Spash-Screen";
		};
/* End PBXContainerItemProxy section */

/* Begin PBXFileReference section */
		48801B242CA2A01E00FBD423 /* Spash-Screen.app */ = {isa = PBXFileReference; explicitFileType = wrapper.application; includeInIndex = 0; path = "Spash-Screen.app"; sourceTree = BUILT_PRODUCTS_DIR; };
		48801B272CA2A01E00FBD423 /* Spash_ScreenApp.swift */ = {isa = PBXFileReference; lastKnownFileType = sourcecode.swift; path = Spash_ScreenApp.swift; sourceTree = "<group>"; };
		48801B292CA2A01E00FBD423 /* ContentView.swift */ = {isa = PBXFileReference; lastKnownFileType = sourcecode.swift; path = ContentView.swift; sourceTree = "<group>"; };
		48801B2B2CA2A02000FBD423 /* Assets.xcassets */ = {isa = PBXFileReference; lastKnownFileType = folder.assetcatalog; path = Assets.xcassets; sourceTree = "<group>"; };
		48801B2E2CA2A02000FBD423 /* Preview Assets.xcassets */ = {isa = PBXFileReference; lastKnownFileType = folder.assetcatalog; path = "Preview Assets.xcassets"; sourceTree = "<group>"; };
		48801B342CA2A02000FBD423 /* Spash-ScreenTests.xctest */ = {isa = PBXFileReference; explicitFileType = wrapper.cfbundle; includeInIndex = 0; path = "Spash-ScreenTests.xctest"; sourceTree = BUILT_PRODUCTS_DIR; };
		48801B382CA2A02000FBD423 /* Spash_ScreenTests.swift */ = {isa = PBXFileReference; lastKnownFileType = sourcecode.swift; path = Spash_ScreenTests.swift; sourceTree = "<group>"; };
		48801B3E2CA2A02000FBD423 /* Spash-ScreenUITests.xctest */ = {isa = PBXFileReference; explicitFileType = wrapper.cfbundle; includeInIndex = 0; path = "Spash-ScreenUITests.xctest"; sourceTree = BUILT_PRODUCTS_DIR; };
		48801B422CA2A02000FBD423 /* Spash_ScreenUITests.swift */ = {isa = PBXFileReference; lastKnownFileType = sourcecode.swift; path = Spash_ScreenUITests.swift; sourceTree = "<group>"; };
		48801B442CA2A02000FBD423 /* Spash_ScreenUITestsLaunchTests.swift */ = {isa = PBXFileReference; lastKnownFileType = sourcecode.swift; path = Spash_ScreenUITestsLaunchTests.swift; sourceTree = "<group>"; };
/* End PBXFileReference section */

/* Begin PBXFrameworksBuildPhase section */
		48801B212CA2A01E00FBD423 /* Frameworks */ = {
			isa = PBXFrameworksBuildPhase;
			buildActionMask = 2147483647;
			files = (
			);
			runOnlyForDeploymentPostprocessing = 0;
		};
		48801B312CA2A02000FBD423 /* Frameworks */ = {
			isa = PBXFrameworksBuildPhase;
			buildActionMask = 2147483647;
			files = (
			);
			runOnlyForDeploymentPostprocessing = 0;
		};
		48801B3B2CA2A02000FBD423 /* Frameworks */ = {
			isa = PBXFrameworksBuildPhase;
			buildActionMask = 2147483647;
			files = (
			);
			runOnlyForDeploymentPostprocessing = 0;
		};
/* End PBXFrameworksBuildPhase section */

/* Begin PBXGroup section */
		48801B1B2CA2A01E00FBD423 = {
			isa = PBXGroup;
			children = (
				48801B262CA2A01E00FBD423 /* Spash-Screen */,
				48801B372CA2A02000FBD423 /* Spash-ScreenTests */,
				48801B412CA2A02000FBD423 /* Spash-ScreenUITests */,
				48801B252CA2A01E00FBD423 /* Products */,
			);
			sourceTree = "<group>";
		};
		48801B252CA2A01E00FBD423 /* Products */ = {
			isa = PBXGroup;
			children = (
				48801B242CA2A01E00FBD423 /* Spash-Screen.app */,
				48801B342CA2A02000FBD423 /* Spash-ScreenTests.xctest */,
				48801B3E2CA2A02000FBD423 /* Spash-ScreenUITests.xctest */,
			);
			name = Products;
			sourceTree = "<group>";
		};
		48801B262CA2A01E00FBD423 /* Spash-Screen */ = {
			isa = PBXGroup;
			children = (
				48801B272CA2A01E00FBD423 /* Spash_ScreenApp.swift */,
				48801B292CA2A01E00FBD423 /* ContentView.swift */,
				48801B2B2CA2A02000FBD423 /* Assets.xcassets */,
				48801B2D2CA2A02000FBD423 /* Preview Content */,
			);
			path = "Spash-Screen";
			sourceTree = "<group>";
		};
		48801B2D2CA2A02000FBD423 /* Preview Content */ = {
			isa = PBXGroup;
			children = (
				48801B2E2CA2A02000FBD423 /* Preview Assets.xcassets */,
			);
			path = "Preview Content";
			sourceTree = "<group>";
		};
		48801B372CA2A02000FBD423 /* Spash-ScreenTests */ = {
			isa = PBXGroup;
			children = (
				48801B382CA2A02000FBD423 /* Spash_ScreenTests.swift */,
			);
			path = "Spash-ScreenTests";
			sourceTree = "<group>";
		};
		48801B412CA2A02000FBD423 /* Spash-ScreenUITests */ = {
			isa = PBXGroup;
			children = (
				48801B422CA2A02000FBD423 /* Spash_ScreenUITests.swift */,
				48801B442CA2A02000FBD423 /* Spash_ScreenUITestsLaunchTests.swift */,
			);
			path = "Spash-ScreenUITests";
			sourceTree = "<group>";
		};
/* End PBXGroup section */

/* Begin PBXNativeTarget section */
		48801B232CA2A01E00FBD423 /* Spash-Screen */ = {
			isa = PBXNativeTarget;
			buildConfigurationList = 48801B482CA2A02000FBD423 /* Build configuration list for PBXNativeTarget "Spash-Screen" */;
			buildPhases = (
				48801B202CA2A01E00FBD423 /* Sources */,
				48801B212CA2A01E00FBD423 /* Frameworks */,
				48801B222CA2A01E00FBD423 /* Resources */,
			);
			buildRules = (
			);
			dependencies = (
			);
			name = "Spash-Screen";
			productName = "Spash-Screen";
			productReference = 48801B242CA2A01E00FBD423 /* Spash-Screen.app */;
			productType = "com.apple.product-type.application";
		};
		48801B332CA2A02000FBD423 /* Spash-ScreenTests */ = {
			isa = PBXNativeTarget;
			buildConfigurationList = 48801B4B2CA2A02000FBD423 /* Build configuration list for PBXNativeTarget "Spash-ScreenTests" */;
			buildPhases = (
				48801B302CA2A02000FBD423 /* Sources */,
				48801B312CA2A02000FBD423 /* Frameworks */,
				48801B322CA2A02000FBD423 /* Resources */,
			);
			buildRules = (
			);
			dependencies = (
				48801B362CA2A02000FBD423 /* PBXTargetDependency */,
			);
			name = "Spash-ScreenTests";
			productName = "Spash-ScreenTests";
			productReference = 48801B342CA2A02000FBD423 /* Spash-ScreenTests.xctest */;
			productType = "com.apple.product-type.bundle.unit-test";
		};
		48801B3D2CA2A02000FBD423 /* Spash-ScreenUITests */ = {
			isa = PBXNativeTarget;
			buildConfigurationList = 48801B4E2CA2A02000FBD423 /* Build configuration list for PBXNativeTarget "Spash-ScreenUITests" */;
			buildPhases = (
				48801B3A2CA2A02000FBD423 /* Sources */,
				48801B3B2CA2A02000FBD423 /* Frameworks */,
				48801B3C2CA2A02000FBD423 /* Resources */,
			);
			buildRules = (
			);
			dependencies = (
				48801B402CA2A02000FBD423 /* PBXTargetDependency */,
			);
			name = "Spash-ScreenUITests";
			productName = "Spash-ScreenUITests";
			productReference = 48801B3E2CA2A02000FBD423 /* Spash-ScreenUITests.xctest */;
			productType = "com.apple.product-type.bundle.ui-testing";
		};
/* End PBXNativeTarget section */

/* Begin PBXProject section */
		48801B1C2CA2A01E00FBD423 /* Project object */ = {
			isa = PBXProject;
			attributes = {
				BuildIndependentTargetsInParallel = 1;
				LastSwiftUpdateCheck = 1540;
				LastUpgradeCheck = 1540;
				TargetAttributes = {
					48801B232CA2A01E00FBD423 = {
						CreatedOnToolsVersion = 15.4;
					};
					48801B332CA2A02000FBD423 = {
						CreatedOnToolsVersion = 15.4;
						TestTargetID = 48801B232CA2A01E00FBD423;
					};
					48801B3D2CA2A02000FBD423 = {
						CreatedOnToolsVersion = 15.4;
						TestTargetID = 48801B232CA2A01E00FBD423;
					};
				};
			};
			buildConfigurationList = 48801B1F2CA2A01E00FBD423 /* Build configuration list for PBXProject "Spash-Screen" */;
			compatibilityVersion = "Xcode 14.0";
			developmentRegion = en;
			hasScannedForEncodings = 0;
			knownRegions = (
				en,
				Base,
			);
			mainGroup = 48801B1B2CA2A01E00FBD423;
			productRefGroup = 48801B252CA2A01E00FBD423 /* Products */;
			projectDirPath = "";
			projectRoot = "";
			targets = (
				48801B232CA2A01E00FBD423 /* Spash-Screen */,
				48801B332CA2A02000FBD423 /* Spash-ScreenTests */,
				48801B3D2CA2A02000FBD423 /* Spash-ScreenUITests */,
			);
		};
/* End PBXProject section */

/* Begin PBXResourcesBuildPhase section */
		48801B222CA2A01E00FBD423 /* Resources */ = {
			isa = PBXResourcesBuildPhase;
			buildActionMask = 2147483647;
			files = (
				48801B2F2CA2A02000FBD423 /* Preview Assets.xcassets in Resources */,
				48801B2C2CA2A02000FBD423 /* Assets.xcassets in Resources */,
			);
			runOnlyForDeploymentPostprocessing = 0;
		};
		48801B322CA2A02000FBD423 /* Resources */ = {
			isa = PBXResourcesBuildPhase;
			buildActionMask = 2147483647;
			files = (
			);
			runOnlyForDeploymentPostprocessing = 0;
		};
		48801B3C2CA2A02000FBD423 /* Resources */ = {
			isa = PBXResourcesBuildPhase;
			buildActionMask = 2147483647;
			files = (
			);
			runOnlyForDeploymentPostprocessing = 0;
		};
/* End PBXResourcesBuildPhase section */

/* Begin PBXSourcesBuildPhase section */
		48801B202CA2A01E00FBD423 /* Sources */ = {
			isa = PBXSourcesBuildPhase;
			buildActionMask = 2147483647;
			files = (
				48801B2A2CA2A01E00FBD423 /* ContentView.swift in Sources */,
				48801B282CA2A01E00FBD423 /* Spash_ScreenApp.swift in Sources */,
			);
			runOnlyForDeploymentPostprocessing = 0;
		};
		48801B302CA2A02000FBD423 /* Sources */ = {
			isa = PBXSourcesBuildPhase;
			buildActionMask = 2147483647;
			files = (
				48801B392CA2A02000FBD423 /* Spash_ScreenTests.swift in Sources */,
			);
			runOnlyForDeploymentPostprocessing = 0;
		};
		48801B3A2CA2A02000FBD423 /* Sources */ = {
			isa = PBXSourcesBuildPhase;
			buildActionMask = 2147483647;
			files = (
				48801B452CA2A02000FBD423 /* Spash_ScreenUITestsLaunchTests.swift in Sources */,
				48801B432CA2A02000FBD423 /* Spash_ScreenUITests.swift in Sources */,
			);
			runOnlyForDeploymentPostprocessing = 0;
		};
/* End PBXSourcesBuildPhase section */

/* Begin PBXTargetDependency section */
		48801B362CA2A02000FBD423 /* PBXTargetDependency */ = {
			isa = PBXTargetDependency;
			target = 48801B232CA2A01E00FBD423 /* Spash-Screen */;
			targetProxy = 48801B352CA2A02000FBD423 /* PBXContainerItemProxy */;
		};
		48801B402CA2A02000FBD423 /* PBXTargetDependency */ = {
			isa = PBXTargetDependency;
			target = 48801B232CA2A01E00FBD423 /* Spash-Screen */;
			targetProxy = 48801B3F2CA2A02000FBD423 /* PBXContainerItemProxy */;
		};
/* End PBXTargetDependency section */

/* Begin XCBuildConfiguration section */
		48801B462CA2A02000FBD423 /* Debug */ = {
			isa = XCBuildConfiguration;
			buildSettings = {
				ALWAYS_SEARCH_USER_PATHS = NO;
				ASSETCATALOG_COMPILER_GENERATE_SWIFT_ASSET_SYMBOL_EXTENSIONS = YES;
				CLANG_ANALYZER_NONNULL = YES;
				CLANG_ANALYZER_NUMBER_OBJECT_CONVERSION = YES_AGGRESSIVE;
				CLANG_CXX_LANGUAGE_STANDARD = "gnu++20";
				CLANG_ENABLE_MODULES = YES;
				CLANG_ENABLE_OBJC_ARC = YES;
				CLANG_ENABLE_OBJC_WEAK = YES;
				CLANG_WARN_BLOCK_CAPTURE_AUTORELEASING = YES;
				CLANG_WARN_BOOL_CONVERSION = YES;
				CLANG_WARN_COMMA = YES;
				CLANG_WARN_CONSTANT_CONVERSION = YES;
				CLANG_WARN_DEPRECATED_OBJC_IMPLEMENTATIONS = YES;
				CLANG_WARN_DIRECT_OBJC_ISA_USAGE = YES_ERROR;
				CLANG_WARN_DOCUMENTATION_COMMENTS = YES;
				CLANG_WARN_EMPTY_BODY = YES;
				CLANG_WARN_ENUM_CONVERSION = YES;
				CLANG_WARN_INFINITE_RECURSION = YES;
				CLANG_WARN_INT_CONVERSION = YES;
				CLANG_WARN_NON_LITERAL_NULL_CONVERSION = YES;
				CLANG_WARN_OBJC_IMPLICIT_RETAIN_SELF = YES;
				CLANG_WARN_OBJC_LITERAL_CONVERSION = YES;
				CLANG_WARN_OBJC_ROOT_CLASS = YES_ERROR;
				CLANG_WARN_QUOTED_INCLUDE_IN_FRAMEWORK_HEADER = YES;
				CLANG_WARN_RANGE_LOOP_ANALYSIS = YES;
				CLANG_WARN_STRICT_PROTOTYPES = YES;
				CLANG_WARN_SUSPICIOUS_MOVE = YES;
				CLANG_WARN_UNGUARDED_AVAILABILITY = YES_AGGRESSIVE;
				CLANG_WARN_UNREACHABLE_CODE = YES;
				CLANG_WARN__DUPLICATE_METHOD_MATCH = YES;
				COPY_PHASE_STRIP = NO;
				DEBUG_INFORMATION_FORMAT = dwarf;
				ENABLE_STRICT_OBJC_MSGSEND = YES;
				ENABLE_TESTABILITY = YES;
				ENABLE_USER_SCRIPT_SANDBOXING = YES;
				GCC_C_LANGUAGE_STANDARD = gnu17;
				GCC_DYNAMIC_NO_PIC = NO;
				GCC_NO_COMMON_BLOCKS = YES;
				GCC_OPTIMIZATION_LEVEL = 0;
				GCC_PREPROCESSOR_DEFINITIONS = (
					"DEBUG=1",
					"$(inherited)",
				);
				GCC_WARN_64_TO_32_BIT_CONVERSION = YES;
				GCC_WARN_ABOUT_RETURN_TYPE = YES_ERROR;
				GCC_WARN_UNDECLARED_SELECTOR = YES;
				GCC_WARN_UNINITIALIZED_AUTOS = YES_AGGRESSIVE;
				GCC_WARN_UNUSED_FUNCTION = YES;
				GCC_WARN_UNUSED_VARIABLE = YES;
				IPHONEOS_DEPLOYMENT_TARGET = 17.5;
				LOCALIZATION_PREFERS_STRING_CATALOGS = YES;
				MTL_ENABLE_DEBUG_INFO = INCLUDE_SOURCE;
				MTL_FAST_MATH = YES;
				ONLY_ACTIVE_ARCH = YES;
				SDKROOT = iphoneos;
				SWIFT_ACTIVE_COMPILATION_CONDITIONS = "DEBUG $(inherited)";
				SWIFT_OPTIMIZATION_LEVEL = "-Onone";
			};
			name = Debug;
		};
		48801B472CA2A02000FBD423 /* Release */ = {
			isa = XCBuildConfiguration;
			buildSettings = {
				ALWAYS_SEARCH_USER_PATHS = NO;
				ASSETCATALOG_COMPILER_GENERATE_SWIFT_ASSET_SYMBOL_EXTENSIONS = YES;
				CLANG_ANALYZER_NONNULL = YES;
				CLANG_ANALYZER_NUMBER_OBJECT_CONVERSION = YES_AGGRESSIVE;
				CLANG_CXX_LANGUAGE_STANDARD = "gnu++20";
				CLANG_ENABLE_MODULES = YES;
				CLANG_ENABLE_OBJC_ARC = YES;
				CLANG_ENABLE_OBJC_WEAK = YES;
				CLANG_WARN_BLOCK_CAPTURE_AUTORELEASING = YES;
				CLANG_WARN_BOOL_CONVERSION = YES;
				CLANG_WARN_COMMA = YES;
				CLANG_WARN_CONSTANT_CONVERSION = YES;
				CLANG_WARN_DEPRECATED_OBJC_IMPLEMENTATIONS = YES;
				CLANG_WARN_DIRECT_OBJC_ISA_USAGE = YES_ERROR;
				CLANG_WARN_DOCUMENTATION_COMMENTS = YES;
				CLANG_WARN_EMPTY_BODY = YES;
				CLANG_WARN_ENUM_CONVERSION = YES;
				CLANG_WARN_INFINITE_RECURSION = YES;
				CLANG_WARN_INT_CONVERSION = YES;
				CLANG_WARN_NON_LITERAL_NULL_CONVERSION = YES;
				CLANG_WARN_OBJC_IMPLICIT_RETAIN_SELF = YES;
				CLANG_WARN_OBJC_LITERAL_CONVERSION = YES;
				CLANG_WARN_OBJC_ROOT_CLASS = YES_ERROR;
				CLANG_WARN_QUOTED_INCLUDE_IN_FRAMEWORK_HEADER = YES;
				CLANG_WARN_RANGE_LOOP_ANALYSIS = YES;
				CLANG_WARN_STRICT_PROTOTYPES = YES;
				CLANG_WARN_SUSPICIOUS_MOVE = YES;
				CLANG_WARN_UNGUARDED_AVAILABILITY = YES_AGGRESSIVE;
				CLANG_WARN_UNREACHABLE_CODE = YES;
				CLANG_WARN__DUPLICATE_METHOD_MATCH = YES;
				COPY_PHASE_STRIP = NO;
				DEBUG_INFORMATION_FORMAT = "dwarf-with-dsym";
				ENABLE_NS_ASSERTIONS = NO;
				ENABLE_STRICT_OBJC_MSGSEND = YES;
				ENABLE_USER_SCRIPT_SANDBOXING = YES;
				GCC_C_LANGUAGE_STANDARD = gnu17;
				GCC_NO_COMMON_BLOCKS = YES;
				GCC_WARN_64_TO_32_BIT_CONVERSION = YES;
				GCC_WARN_ABOUT_RETURN_TYPE = YES_ERROR;
				GCC_WARN_UNDECLARED_SELECTOR = YES;
				GCC_WARN_UNINITIALIZED_AUTOS = YES_AGGRESSIVE;
				GCC_WARN_UNUSED_FUNCTION = YES;
				GCC_WARN_UNUSED_VARIABLE = YES;
				IPHONEOS_DEPLOYMENT_TARGET = 17.5;
				LOCALIZATION_PREFERS_STRING_CATALOGS = YES;
				MTL_ENABLE_DEBUG_INFO = NO;
				MTL_FAST_MATH = YES;
				SDKROOT = iphoneos;
				SWIFT_COMPILATION_MODE = wholemodule;
				VALIDATE_PRODUCT = YES;
			};
			name = Release;
		};
		48801B492CA2A02000FBD423 /* Debug */ = {
			isa = XCBuildConfiguration;
			buildSettings = {
				ASSETCATALOG_COMPILER_APPICON_NAME = AppIcon;
				ASSETCATALOG_COMPILER_GLOBAL_ACCENT_COLOR_NAME = AccentColor;
				CODE_SIGN_STYLE = Automatic;
				CURRENT_PROJECT_VERSION = 1;
				DEVELOPMENT_ASSET_PATHS = "\"Spash-Screen/Preview Content\"";
				ENABLE_PREVIEWS = YES;
				GENERATE_INFOPLIST_FILE = YES;
				INFOPLIST_KEY_UIApplicationSceneManifest_Generation = YES;
				INFOPLIST_KEY_UIApplicationSupportsIndirectInputEvents = YES;
				INFOPLIST_KEY_UILaunchScreen_Generation = YES;
				INFOPLIST_KEY_UISupportedInterfaceOrientations_iPad = "UIInterfaceOrientationPortrait UIInterfaceOrientationPortraitUpsideDown UIInterfaceOrientationLandscapeLeft UIInterfaceOrientationLandscapeRight";
				INFOPLIST_KEY_UISupportedInterfaceOrientations_iPhone = "UIInterfaceOrientationPortrait UIInterfaceOrientationLandscapeLeft UIInterfaceOrientationLandscapeRight";
				LD_RUNPATH_SEARCH_PATHS = (
					"$(inherited)",
					"@executable_path/Frameworks",
				);
				MARKETING_VERSION = 1.0;
				PRODUCT_BUNDLE_IDENTIFIER = "com.Spash-Screen";
				PRODUCT_NAME = "$(TARGET_NAME)";
				SWIFT_EMIT_LOC_STRINGS = YES;
				SWIFT_VERSION = 5.0;
				TARGETED_DEVICE_FAMILY = "1,2";
			};
			name = Debug;
		};
		48801B4A2CA2A02000FBD423 /* Release */ = {
			isa = XCBuildConfiguration;
			buildSettings = {
				ASSETCATALOG_COMPILER_APPICON_NAME = AppIcon;
				ASSETCATALOG_COMPILER_GLOBAL_ACCENT_COLOR_NAME = AccentColor;
				CODE_SIGN_STYLE = Automatic;
				CURRENT_PROJECT_VERSION = 1;
				DEVELOPMENT_ASSET_PATHS = "\"Spash-Screen/Preview Content\"";
				ENABLE_PREVIEWS = YES;
				GENERATE_INFOPLIST_FILE = YES;
				INFOPLIST_KEY_UIApplicationSceneManifest_Generation = YES;
				INFOPLIST_KEY_UIApplicationSupportsIndirectInputEvents = YES;
				INFOPLIST_KEY_UILaunchScreen_Generation = YES;
				INFOPLIST_KEY_UISupportedInterfaceOrientations_iPad = "UIInterfaceOrientationPortrait UIInterfaceOrientationPortraitUpsideDown UIInterfaceOrientationLandscapeLeft UIInterfaceOrientationLandscapeRight";
				INFOPLIST_KEY_UISupportedInterfaceOrientations_iPhone = "UIInterfaceOrientationPortrait UIInterfaceOrientationLandscapeLeft UIInterfaceOrientationLandscapeRight";
				LD_RUNPATH_SEARCH_PATHS = (
					"$(inherited)",
					"@executable_path/Frameworks",
				);
				MARKETING_VERSION = 1.0;
				PRODUCT_BUNDLE_IDENTIFIER = "com.Spash-Screen";
				PRODUCT_NAME = "$(TARGET_NAME)";
				SWIFT_EMIT_LOC_STRINGS = YES;
				SWIFT_VERSION = 5.0;
				TARGETED_DEVICE_FAMILY = "1,2";
			};
			name = Release;
		};
		48801B4C2CA2A02000FBD423 /* Debug */ = {
			isa = XCBuildConfiguration;
			buildSettings = {
				ALWAYS_EMBED_SWIFT_STANDARD_LIBRARIES = YES;
				BUNDLE_LOADER = "$(TEST_HOST)";
				CODE_SIGN_STYLE = Automatic;
				CURRENT_PROJECT_VERSION = 1;
				GENERATE_INFOPLIST_FILE = YES;
				IPHONEOS_DEPLOYMENT_TARGET = 17.5;
				MARKETING_VERSION = 1.0;
				PRODUCT_BUNDLE_IDENTIFIER = "com.Spash-ScreenTests";
				PRODUCT_NAME = "$(TARGET_NAME)";
				SWIFT_EMIT_LOC_STRINGS = NO;
				SWIFT_VERSION = 5.0;
				TARGETED_DEVICE_FAMILY = "1,2";
				TEST_HOST = "$(BUILT_PRODUCTS_DIR)/Spash-Screen.app/$(BUNDLE_EXECUTABLE_FOLDER_PATH)/Spash-Screen";
			};
			name = Debug;
		};
		48801B4D2CA2A02000FBD423 /* Release */ = {
			isa = XCBuildConfiguration;
			buildSettings = {
				ALWAYS_EMBED_SWIFT_STANDARD_LIBRARIES = YES;
				BUNDLE_LOADER = "$(TEST_HOST)";
				CODE_SIGN_STYLE = Automatic;
				CURRENT_PROJECT_VERSION = 1;
				GENERATE_INFOPLIST_FILE = YES;
				IPHONEOS_DEPLOYMENT_TARGET = 17.5;
				MARKETING_VERSION = 1.0;
				PRODUCT_BUNDLE_IDENTIFIER = "com.Spash-ScreenTests";
				PRODUCT_NAME = "$(TARGET_NAME)";
				SWIFT_EMIT_LOC_STRINGS = NO;
				SWIFT_VERSION = 5.0;
				TARGETED_DEVICE_FAMILY = "1,2";
				TEST_HOST = "$(BUILT_PRODUCTS_DIR)/Spash-Screen.app/$(BUNDLE_EXECUTABLE_FOLDER_PATH)/Spash-Screen";
			};
			name = Release;
		};
		48801B4F2CA2A02000FBD423 /* Debug */ = {
			isa = XCBuildConfiguration;
			buildSettings = {
				ALWAYS_EMBED_SWIFT_STANDARD_LIBRARIES = YES;
				CODE_SIGN_STYLE = Automatic;
				CURRENT_PROJECT_VERSION = 1;
				GENERATE_INFOPLIST_FILE = YES;
				MARKETING_VERSION = 1.0;
				PRODUCT_BUNDLE_IDENTIFIER = "com.Spash-ScreenUITests";
				PRODUCT_NAME = "$(TARGET_NAME)";
				SWIFT_EMIT_LOC_STRINGS = NO;
				SWIFT_VERSION = 5.0;
				TARGETED_DEVICE_FAMILY = "1,2";
				TEST_TARGET_NAME = "Spash-Screen";
			};
			name = Debug;
		};
		48801B502CA2A02000FBD423 /* Release */ = {
			isa = XCBuildConfiguration;
			buildSettings = {
				ALWAYS_EMBED_SWIFT_STANDARD_LIBRARIES = YES;
				CODE_SIGN_STYLE = Automatic;
				CURRENT_PROJECT_VERSION = 1;
				GENERATE_INFOPLIST_FILE = YES;
				MARKETING_VERSION = 1.0;
				PRODUCT_BUNDLE_IDENTIFIER = "com.Spash-ScreenUITests";
				PRODUCT_NAME = "$(TARGET_NAME)";
				SWIFT_EMIT_LOC_STRINGS = NO;
				SWIFT_VERSION = 5.0;
				TARGETED_DEVICE_FAMILY = "1,2";
				TEST_TARGET_NAME = "Spash-Screen";
			};
			name = Release;
		};
/* End XCBuildConfiguration section */

/* Begin XCConfigurationList section */
		48801B1F2CA2A01E00FBD423 /* Build configuration list for PBXProject "Spash-Screen" */ = {
			isa = XCConfigurationList;
			buildConfigurations = (
				48801B462CA2A02000FBD423 /* Debug */,
				48801B472CA2A02000FBD423 /* Release */,
			);
			defaultConfigurationIsVisible = 0;
			defaultConfigurationName = Release;
		};
		48801B482CA2A02000FBD423 /* Build configuration list for PBXNativeTarget "Spash-Screen" */ = {
			isa = XCConfigurationList;
			buildConfigurations = (
				48801B492CA2A02000FBD423 /* Debug */,
				48801B4A2CA2A02000FBD423 /* Release */,
			);
			defaultConfigurationIsVisible = 0;
			defaultConfigurationName = Release;
		};
		48801B4B2CA2A02000FBD423 /* Build configuration list for PBXNativeTarget "Spash-ScreenTests" */ = {
			isa = XCConfigurationList;
			buildConfigurations = (
				48801B4C2CA2A02000FBD423 /* Debug */,
				48801B4D2CA2A02000FBD423 /* Release */,
			);
			defaultConfigurationIsVisible = 0;
			defaultConfigurationName = Release;
		};
		48801B4E2CA2A02000FBD423 /* Build configuration list for PBXNativeTarget "Spash-ScreenUITests" */ = {
			isa = XCConfigurationList;
			buildConfigurations = (
				48801B4F2CA2A02000FBD423 /* Debug */,
				48801B502CA2A02000FBD423 /* Release */,
			);
			defaultConfigurationIsVisible = 0;
			defaultConfigurationName = Release;
		};
/* End XCConfigurationList section */
	};
	rootObject = 48801B1C2CA2A01E00FBD423 /* Project object */;
}
